
Microsoft Visual Studio Solution File, Format Version 12.00
# Visual Studio Version 17
VisualStudioVersion = 17.14.36127.28
MinimumVisualStudioVersion = 10.0.40219.1
Project("{FAE04EC0-301F-11D3-BF4B-00C04F79EFBC}") = "MoveBudget.API", "MoveBudget.API\MoveBudget.API.csproj", "{ED56C685-4810-4B79-9B97-8E063170BBFC}"
EndProject
Project("{FAE04EC0-301F-11D3-BF4B-00C04F79EFBC}") = "MoveBudget.Tests", "MoveBudget.Tests\MoveBudget.Tests.csproj", "{1718337E-47DE-495C-845F-38F22F21072C}"
EndProject
Global
	GlobalSection(SolutionConfigurationPlatforms) = preSolution
		Debug|Any CPU = Debug|Any CPU
		Debug|x64 = Debug|x64
		Debug|x86 = Debug|x86
		Release|Any CPU = Release|Any CPU
		Release|x64 = Release|x64
		Release|x86 = Release|x86
	EndGlobalSection
	GlobalSection(ProjectConfigurationPlatforms) = postSolution
		{ED56C685-4810-4B79-9B97-8E063170BBFC}.Debug|Any CPU.ActiveCfg = Debug|Any CPU
		{ED56C685-4810-4B79-9B97-8E063170BBFC}.Debug|Any CPU.Build.0 = Debug|Any CPU
		{ED56C685-4810-4B79-9B97-8E063170BBFC}.Debug|x64.ActiveCfg = Debug|Any CPU
		{ED56C685-4810-4B79-9B97-8E063170BBFC}.Debug|x64.Build.0 = Debug|Any CPU
		{ED56C685-4810-4B79-9B97-8E063170BBFC}.Debug|x86.ActiveCfg = Debug|Any CPU
		{ED56C685-4810-4B79-9B97-8E063170BBFC}.Debug|x86.Build.0 = Debug|Any CPU
		{ED56C685-4810-4B79-9B97-8E063170BBFC}.Release|Any CPU.ActiveCfg = Release|Any CPU
		{ED56C685-4810-4B79-9B97-8E063170BBFC}.Release|Any CPU.Build.0 = Release|Any CPU
		{ED56C685-4810-4B79-9B97-8E063170BBFC}.Release|x64.ActiveCfg = Release|Any CPU
		{ED56C685-4810-4B79-9B97-8E063170BBFC}.Release|x64.Build.0 = Release|Any CPU
		{ED56C685-4810-4B79-9B97-8E063170BBFC}.Release|x86.ActiveCfg = Release|Any CPU
		{ED56C685-4810-4B79-9B97-8E063170BBFC}.Release|x86.Build.0 = Release|Any CPU
		{1718337E-47DE-495C-845F-38F22F21072C}.Debug|Any CPU.ActiveCfg = Debug|Any CPU
		{1718337E-47DE-495C-845F-38F22F21072C}.Debug|Any CPU.Build.0 = Debug|Any CPU
		{1718337E-47DE-495C-845F-38F22F21072C}.Debug|x64.ActiveCfg = Debug|Any CPU
		{1718337E-47DE-495C-845F-38F22F21072C}.Debug|x64.Build.0 = Debug|Any CPU
		{1718337E-47DE-495C-845F-38F22F21072C}.Debug|x86.ActiveCfg = Debug|Any CPU
		{1718337E-47DE-495C-845F-38F22F21072C}.Debug|x86.Build.0 = Debug|Any CPU
		{1718337E-47DE-495C-845F-38F22F21072C}.Release|Any CPU.ActiveCfg = Release|Any CPU
		{1718337E-47DE-495C-845F-38F22F21072C}.Release|Any CPU.Build.0 = Release|Any CPU
		{1718337E-47DE-495C-845F-38F22F21072C}.Release|x64.ActiveCfg = Release|Any CPU
		{1718337E-47DE-495C-845F-38F22F21072C}.Release|x64.Build.0 = Release|Any CPU
		{1718337E-47DE-495C-845F-38F22F21072C}.Release|x86.ActiveCfg = Release|Any CPU
		{1718337E-47DE-495C-845F-38F22F21072C}.Release|x86.Build.0 = Release|Any CPU
	EndGlobalSection
	GlobalSection(SolutionProperties) = preSolution
		HideSolutionNode = FALSE
	EndGlobalSection
	GlobalSection(ExtensibilityGlobals) = postSolution
		SolutionGuid = {29AD01B5-6441-42CF-A8E2-1023383DE498}
	EndGlobalSection
EndGlobal
